github.com/danielkermode/gvm v1.0.0 h1:k0rXlRf4oQ0M5MaHJjdQjaV/0OyI4oDayPdnpi9I10M=
github.com/danielkermode/gvm v1.0.0/go.mod h1:vFb6W+grcgxZWykT6yPmUxDNWLXT8ptC8DJnJJGucNQ=
golang.org/x/sys v0.1.0 h1:kunALQeHf1/185U1i0GOB/fy1IPRDDpuoOOqRReG57U=
golang.org/x/sys v0.1.0/go.mod h1:oPkhp1MJrh7nUepCBck5+mAzfO9JrbApNNgaTdGDITg=
